
Microsoft Visual Studio Solution File, Format Version 12.00
# Visual Studio Version 16
VisualStudioVersion = 16.0.30717.126
MinimumVisualStudioVersion = 10.0.40219.1
Project("{FAE04EC0-301F-11D3-BF4B-00C04F79EFBC}") = "Nearest_Neighbors", "Nearest_Neighbors.csproj", "{76B11472-6EDC-4486-A00A-873E3B699635}"
EndProject
Global
	GlobalSection(SolutionConfigurationPlatforms) = preSolution
		Debug|Any CPU = Debug|Any CPU
		Release|Any CPU = Release|Any CPU
	EndGlobalSection
	GlobalSection(ProjectConfigurationPlatforms) = postSolution
		{76B11472-6EDC-4486-A00A-873E3B699635}.Debug|Any CPU.ActiveCfg = Debug|Any CPU
		{76B11472-6EDC-4486-A00A-873E3B699635}.Debug|Any CPU.Build.0 = Debug|Any CPU
		{76B11472-6EDC-4486-A00A-873E3B699635}.Release|Any CPU.ActiveCfg = Release|Any CPU
		{76B11472-6EDC-4486-A00A-873E3B699635}.Release|Any CPU.Build.0 = Release|Any CPU
	EndGlobalSection
	GlobalSection(SolutionProperties) = preSolution
		HideSolutionNode = FALSE
	EndGlobalSection
	GlobalSection(ExtensibilityGlobals) = postSolution
		SolutionGuid = {98D8D3AE-16CB-4E5D-9140-E66497326F93}
	EndGlobalSection
EndGlobal
